
Microsoft Visual Studio Solution File, Format Version 12.00
# Visual Studio Version 17
VisualStudioVersion = 17.2.32526.322
MinimumVisualStudioVersion = 10.0.40219.1
Project("{FAE04EC0-301F-11D3-BF4B-00C04F79EFBC}") = "SpecflowSeleniumExp", "SpecflowSeleniumExp.csproj", "{D8F4A2D7-F77D-418E-9886-8813B46EAB9D}"
EndProject
Global
	GlobalSection(SolutionConfigurationPlatforms) = preSolution
		Debug|Any CPU = Debug|Any CPU
		Release|Any CPU = Release|Any CPU
	EndGlobalSection
	GlobalSection(ProjectConfigurationPlatforms) = postSolution
		{D8F4A2D7-F77D-418E-9886-8813B46EAB9D}.Debug|Any CPU.ActiveCfg = Debug|Any CPU
		{D8F4A2D7-F77D-418E-9886-8813B46EAB9D}.Debug|Any CPU.Build.0 = Debug|Any CPU
		{D8F4A2D7-F77D-418E-9886-8813B46EAB9D}.Release|Any CPU.ActiveCfg = Release|Any CPU
		{D8F4A2D7-F77D-418E-9886-8813B46EAB9D}.Release|Any CPU.Build.0 = Release|Any CPU
	EndGlobalSection
	GlobalSection(SolutionProperties) = preSolution
		HideSolutionNode = FALSE
	EndGlobalSection
	GlobalSection(ExtensibilityGlobals) = postSolution
		SolutionGuid = {3A150642-4731-4DD0-B601-FDB120FE7C27}
	EndGlobalSection
EndGlobal
